
Microsoft Visual Studio Solution File, Format Version 12.00
# Visual Studio Version 17
VisualStudioVersion = 17.1.32319.34
MinimumVisualStudioVersion = 10.0.40219.1
Project("{9A19103F-16F7-4668-BE54-9A1E7A4F7556}") = "DomainDrivenDesignWithCqrs.Contracts", "Source\DomainDrivenDesignWithCqrs.Contracts\DomainDrivenDesignWithCqrs.Contracts.csproj", "{3FCB5D5F-F346-424C-924C-18A97E1BB51F}"
EndProject
Project("{9A19103F-16F7-4668-BE54-9A1E7A4F7556}") = "DomainDrivenDesignWithCqrs.Client", "Source\DomainDrivenDesignWithCqrs.Client\DomainDrivenDesignWithCqrs.Client.csproj", "{68BBE0F7-13D3-4195-A5B4-94A52D3B69D3}"
EndProject
Project("{9A19103F-16F7-4668-BE54-9A1E7A4F7556}") = "DomainDrivenDesignWithCqrs.Server", "Source\DomainDrivenDesignWithCqrs.Server\DomainDrivenDesignWithCqrs.Server.csproj", "{A3590042-8EC4-4E68-AD04-1CCD513AE936}"
EndProject
Project("{2150E333-8FDC-42A3-9474-1A3956D46DE8}") = "Client", "Client", "{8FD0C095-C78F-4067-A349-E8C1CE02B8E2}"
EndProject
Project("{2150E333-8FDC-42A3-9474-1A3956D46DE8}") = "Server", "Server", "{872DD027-19F4-4DBD-961D-681FCDAC8EE3}"
EndProject
Project("{2150E333-8FDC-42A3-9474-1A3956D46DE8}") = "Shared", "Shared", "{556CF72F-608A-4182-AEFF-99301CF6AB4F}"
EndProject
Project("{9A19103F-16F7-4668-BE54-9A1E7A4F7556}") = "DomainDrivenDesignWithCqrs.AppLayer", "Source\DomainDrivenDesignWithCqrs.AppLayer\DomainDrivenDesignWithCqrs.AppLayer.csproj", "{6C2E815F-2D8D-418A-9F53-4AD9F151C004}"
EndProject
Project("{2150E333-8FDC-42A3-9474-1A3956D46DE8}") = "Solution Items", "Solution Items", "{9EBA0F31-6858-48B4-9A99-D64A281EE364}"
	ProjectSection(SolutionItems) = preProject
		..\Fluxor\Source\.editorconfig = ..\Fluxor\Source\.editorconfig
	EndProjectSection
EndProject
Global
	GlobalSection(SolutionConfigurationPlatforms) = preSolution
		Debug|Any CPU = Debug|Any CPU
		Release|Any CPU = Release|Any CPU
	EndGlobalSection
	GlobalSection(ProjectConfigurationPlatforms) = postSolution
		{3FCB5D5F-F346-424C-924C-18A97E1BB51F}.Debug|Any CPU.ActiveCfg = Debug|Any CPU
		{3FCB5D5F-F346-424C-924C-18A97E1BB51F}.Debug|Any CPU.Build.0 = Debug|Any CPU
		{3FCB5D5F-F346-424C-924C-18A97E1BB51F}.Release|Any CPU.ActiveCfg = Release|Any CPU
		{3FCB5D5F-F346-424C-924C-18A97E1BB51F}.Release|Any CPU.Build.0 = Release|Any CPU
		{68BBE0F7-13D3-4195-A5B4-94A52D3B69D3}.Debug|Any CPU.ActiveCfg = Debug|Any CPU
		{68BBE0F7-13D3-4195-A5B4-94A52D3B69D3}.Debug|Any CPU.Build.0 = Debug|Any CPU
		{68BBE0F7-13D3-4195-A5B4-94A52D3B69D3}.Release|Any CPU.ActiveCfg = Release|Any CPU
		{68BBE0F7-13D3-4195-A5B4-94A52D3B69D3}.Release|Any CPU.Build.0 = Release|Any CPU
		{A3590042-8EC4-4E68-AD04-1CCD513AE936}.Debug|Any CPU.ActiveCfg = Debug|Any CPU
		{A3590042-8EC4-4E68-AD04-1CCD513AE936}.Debug|Any CPU.Build.0 = Debug|Any CPU
		{A3590042-8EC4-4E68-AD04-1CCD513AE936}.Release|Any CPU.ActiveCfg = Release|Any CPU
		{A3590042-8EC4-4E68-AD04-1CCD513AE936}.Release|Any CPU.Build.0 = Release|Any CPU
		{6C2E815F-2D8D-418A-9F53-4AD9F151C004}.Debug|Any CPU.ActiveCfg = Debug|Any CPU
		{6C2E815F-2D8D-418A-9F53-4AD9F151C004}.Debug|Any CPU.Build.0 = Debug|Any CPU
		{6C2E815F-2D8D-418A-9F53-4AD9F151C004}.Release|Any CPU.ActiveCfg = Release|Any CPU
		{6C2E815F-2D8D-418A-9F53-4AD9F151C004}.Release|Any CPU.Build.0 = Release|Any CPU
	EndGlobalSection
	GlobalSection(SolutionProperties) = preSolution
		HideSolutionNode = FALSE
	EndGlobalSection
	GlobalSection(NestedProjects) = preSolution
		{3FCB5D5F-F346-424C-924C-18A97E1BB51F} = {556CF72F-608A-4182-AEFF-99301CF6AB4F}
		{68BBE0F7-13D3-4195-A5B4-94A52D3B69D3} = {8FD0C095-C78F-4067-A349-E8C1CE02B8E2}
		{A3590042-8EC4-4E68-AD04-1CCD513AE936} = {872DD027-19F4-4DBD-961D-681FCDAC8EE3}
		{6C2E815F-2D8D-418A-9F53-4AD9F151C004} = {872DD027-19F4-4DBD-961D-681FCDAC8EE3}
	EndGlobalSection
	GlobalSection(ExtensibilityGlobals) = postSolution
		SolutionGuid = {BBAD9D1E-505D-4412-90AC-118F15C4E0C5}
	EndGlobalSection
EndGlobal
